// !$*UTF8*$!
{
	archiveVersion = 1;
	classes = {
	};
	objectVersion = 56;
	objects = {

/* Begin PBXBuildFile section */
		6B64662E2A8C2B8700F05EE5 /* AppDelegate.swift in Sources */ = {isa = PBXBuildFile; fileRef = 6B64662D2A8C2B8700F05EE5 /* AppDelegate.swift */; };
		6B6466302A8C2B8700F05EE5 /* SceneDelegate.swift in Sources */ = {isa = PBXBuildFile; fileRef = 6B64662F2A8C2B8700F05EE5 /* SceneDelegate.swift */; };
		6B6466352A8C2B8700F05EE5 /* Main.storyboard in Resources */ = {isa = PBXBuildFile; fileRef = 6B6466332A8C2B8700F05EE5 /* Main.storyboard */; };
		6B6466372A8C2B8700F05EE5 /* Assets.xcassets in Resources */ = {isa = PBXBuildFile; fileRef = 6B6466362A8C2B8700F05EE5 /* Assets.xcassets */; };
		6B64663A2A8C2B8700F05EE5 /* LaunchScreen.storyboard in Resources */ = {isa = PBXBuildFile; fileRef = 6B6466382A8C2B8700F05EE5 /* LaunchScreen.storyboard */; };
		6B6466422A8C2D5600F05EE5 /* Reminder.swift in Sources */ = {isa = PBXBuildFile; fileRef = 6B6466412A8C2D5600F05EE5 /* Reminder.swift */; };
		6B6466442A8C313A00F05EE5 /* RepeatType.swift in Sources */ = {isa = PBXBuildFile; fileRef = 6B6466432A8C313A00F05EE5 /* RepeatType.swift */; };
		6B6466462A8C3BF700F05EE5 /* NagMe.swift in Sources */ = {isa = PBXBuildFile; fileRef = 6B6466452A8C3BF700F05EE5 /* NagMe.swift */; };
		6B64664A2A8C3FF500F05EE5 /* ReminderTableViewController.swift in Sources */ = {isa = PBXBuildFile; fileRef = 6B6466492A8C3FF500F05EE5 /* ReminderTableViewController.swift */; };
		6B64664C2A8EB89500F05EE5 /* NagMeTableViewController.swift in Sources */ = {isa = PBXBuildFile; fileRef = 6B64664B2A8EB89500F05EE5 /* NagMeTableViewController.swift */; };
		6B64664E2A8ED9A100F05EE5 /* AddReminderTableViewController.swift in Sources */ = {isa = PBXBuildFile; fileRef = 6B64664D2A8ED9A100F05EE5 /* AddReminderTableViewController.swift */; };
		6B6466502A96C9A800F05EE5 /* ReminderCell.swift in Sources */ = {isa = PBXBuildFile; fileRef = 6B64664F2A96C9A800F05EE5 /* ReminderCell.swift */; };
		6B6466522A993EA800F05EE5 /* RepeatTypeTableViewController.swift in Sources */ = {isa = PBXBuildFile; fileRef = 6B6466512A993EA800F05EE5 /* RepeatTypeTableViewController.swift */; };
/* End PBXBuildFile section */

/* Begin PBXFileReference section */
		6B64662A2A8C2B8700F05EE5 /* NagMeReminder.app */ = {isa = PBXFileReference; explicitFileType = wrapper.application; includeInIndex = 0; path = NagMeReminder.app; sourceTree = BUILT_PRODUCTS_DIR; };
		6B64662D2A8C2B8700F05EE5 /* AppDelegate.swift */ = {isa = PBXFileReference; lastKnownFileType = sourcecode.swift; path = AppDelegate.swift; sourceTree = "<group>"; };
		6B64662F2A8C2B8700F05EE5 /* SceneDelegate.swift */ = {isa = PBXFileReference; lastKnownFileType = sourcecode.swift; path = SceneDelegate.swift; sourceTree = "<group>"; };
		6B6466342A8C2B8700F05EE5 /* Base */ = {isa = PBXFileReference; lastKnownFileType = file.storyboard; name = Base; path = Base.lproj/Main.storyboard; sourceTree = "<group>"; };
		6B6466362A8C2B8700F05EE5 /* Assets.xcassets */ = {isa = PBXFileReference; lastKnownFileType = folder.assetcatalog; path = Assets.xcassets; sourceTree = "<group>"; };
		6B6466392A8C2B8700F05EE5 /* Base */ = {isa = PBXFileReference; lastKnownFileType = file.storyboard; name = Base; path = Base.lproj/LaunchScreen.storyboard; sourceTree = "<group>"; };
		6B64663B2A8C2B8700F05EE5 /* Info.plist */ = {isa = PBXFileReference; lastKnownFileType = text.plist.xml; path = Info.plist; sourceTree = "<group>"; };
		6B6466412A8C2D5600F05EE5 /* Reminder.swift */ = {isa = PBXFileReference; lastKnownFileType = sourcecode.swift; path = Reminder.swift; sourceTree = "<group>"; };
		6B6466432A8C313A00F05EE5 /* RepeatType.swift */ = {isa = PBXFileReference; lastKnownFileType = sourcecode.swift; path = RepeatType.swift; sourceTree = "<group>"; };
		6B6466452A8C3BF700F05EE5 /* NagMe.swift */ = {isa = PBXFileReference; lastKnownFileType = sourcecode.swift; path = NagMe.swift; sourceTree = "<group>"; };
		6B6466492A8C3FF500F05EE5 /* ReminderTableViewController.swift */ = {isa = PBXFileReference; lastKnownFileType = sourcecode.swift; path = ReminderTableViewController.swift; sourceTree = "<group>"; };
		6B64664B2A8EB89500F05EE5 /* NagMeTableViewController.swift */ = {isa = PBXFileReference; lastKnownFileType = sourcecode.swift; path = NagMeTableViewController.swift; sourceTree = "<group>"; };
		6B64664D2A8ED9A100F05EE5 /* AddReminderTableViewController.swift */ = {isa = PBXFileReference; lastKnownFileType = sourcecode.swift; path = AddReminderTableViewController.swift; sourceTree = "<group>"; };
		6B64664F2A96C9A800F05EE5 /* ReminderCell.swift */ = {isa = PBXFileReference; lastKnownFileType = sourcecode.swift; path = ReminderCell.swift; sourceTree = "<group>"; };
		6B6466512A993EA800F05EE5 /* RepeatTypeTableViewController.swift */ = {isa = PBXFileReference; lastKnownFileType = sourcecode.swift; path = RepeatTypeTableViewController.swift; sourceTree = "<group>"; };
/* End PBXFileReference section */

/* Begin PBXFrameworksBuildPhase section */
		6B6466272A8C2B8700F05EE5 /* Frameworks */ = {
			isa = PBXFrameworksBuildPhase;
			buildActionMask = 2147483647;
			files = (
			);
			runOnlyForDeploymentPostprocessing = 0;
		};
/* End PBXFrameworksBuildPhase section */

/* Begin PBXGroup section */
		6B6466212A8C2B8700F05EE5 = {
			isa = PBXGroup;
			children = (
				6B64662C2A8C2B8700F05EE5 /* NagMeReminder */,
				6B64662B2A8C2B8700F05EE5 /* Products */,
			);
			sourceTree = "<group>";
		};
		6B64662B2A8C2B8700F05EE5 /* Products */ = {
			isa = PBXGroup;
			children = (
				6B64662A2A8C2B8700F05EE5 /* NagMeReminder.app */,
			);
			name = Products;
			sourceTree = "<group>";
		};
		6B64662C2A8C2B8700F05EE5 /* NagMeReminder */ = {
			isa = PBXGroup;
			children = (
				6B64664F2A96C9A800F05EE5 /* ReminderCell.swift */,
				6B64662D2A8C2B8700F05EE5 /* AppDelegate.swift */,
				6B64662F2A8C2B8700F05EE5 /* SceneDelegate.swift */,
				6B6466412A8C2D5600F05EE5 /* Reminder.swift */,
				6B6466432A8C313A00F05EE5 /* RepeatType.swift */,
				6B6466452A8C3BF700F05EE5 /* NagMe.swift */,
				6B6466332A8C2B8700F05EE5 /* Main.storyboard */,
				6B6466492A8C3FF500F05EE5 /* ReminderTableViewController.swift */,
				6B6466362A8C2B8700F05EE5 /* Assets.xcassets */,
				6B6466382A8C2B8700F05EE5 /* LaunchScreen.storyboard */,
				6B64663B2A8C2B8700F05EE5 /* Info.plist */,
				6B64664B2A8EB89500F05EE5 /* NagMeTableViewController.swift */,
				6B6466512A993EA800F05EE5 /* RepeatTypeTableViewController.swift */,
				6B64664D2A8ED9A100F05EE5 /* AddReminderTableViewController.swift */,
			);
			path = NagMeReminder;
			sourceTree = "<group>";
		};
/* End PBXGroup section */

/* Begin PBXNativeTarget section */
		6B6466292A8C2B8700F05EE5 /* NagMeReminder */ = {
			isa = PBXNativeTarget;
			buildConfigurationList = 6B64663E2A8C2B8700F05EE5 /* Build configuration list for PBXNativeTarget "NagMeReminder" */;
			buildPhases = (
				6B6466262A8C2B8700F05EE5 /* Sources */,
				6B6466272A8C2B8700F05EE5 /* Frameworks */,
				6B6466282A8C2B8700F05EE5 /* Resources */,
			);
			buildRules = (
			);
			dependencies = (
			);
			name = NagMeReminder;
			productName = NagMeReminder;
			productReference = 6B64662A2A8C2B8700F05EE5 /* NagMeReminder.app */;
			productType = "com.apple.product-type.application";
		};
/* End PBXNativeTarget section */

/* Begin PBXProject section */
		6B6466222A8C2B8700F05EE5 /* Project object */ = {
			isa = PBXProject;
			attributes = {
				BuildIndependentTargetsInParallel = 1;
				LastSwiftUpdateCheck = 1430;
				LastUpgradeCheck = 1430;
				TargetAttributes = {
					6B6466292A8C2B8700F05EE5 = {
						CreatedOnToolsVersion = 14.3;
					};
				};
			};
			buildConfigurationList = 6B6466252A8C2B8700F05EE5 /* Build configuration list for PBXProject "NagMeReminder" */;
			compatibilityVersion = "Xcode 14.0";
			developmentRegion = en;
			hasScannedForEncodings = 0;
			knownRegions = (
				en,
				Base,
			);
			mainGroup = 6B6466212A8C2B8700F05EE5;
			productRefGroup = 6B64662B2A8C2B8700F05EE5 /* Products */;
			projectDirPath = "";
			projectRoot = "";
			targets = (
				6B6466292A8C2B8700F05EE5 /* NagMeReminder */,
			);
		};
/* End PBXProject section */

/* Begin PBXResourcesBuildPhase section */
		6B6466282A8C2B8700F05EE5 /* Resources */ = {
			isa = PBXResourcesBuildPhase;
			buildActionMask = 2147483647;
			files = (
				6B64663A2A8C2B8700F05EE5 /* LaunchScreen.storyboard in Resources */,
				6B6466372A8C2B8700F05EE5 /* Assets.xcassets in Resources */,
				6B6466352A8C2B8700F05EE5 /* Main.storyboard in Resources */,
			);
			runOnlyForDeploymentPostprocessing = 0;
		};
/* End PBXResourcesBuildPhase section */

/* Begin PBXSourcesBuildPhase section */
		6B6466262A8C2B8700F05EE5 /* Sources */ = {
			isa = PBXSourcesBuildPhase;
			buildActionMask = 2147483647;
			files = (
				6B6466522A993EA800F05EE5 /* RepeatTypeTableViewController.swift in Sources */,
				6B6466422A8C2D5600F05EE5 /* Reminder.swift in Sources */,
				6B64664C2A8EB89500F05EE5 /* NagMeTableViewController.swift in Sources */,
				6B6466462A8C3BF700F05EE5 /* NagMe.swift in Sources */,
				6B64662E2A8C2B8700F05EE5 /* AppDelegate.swift in Sources */,
				6B6466502A96C9A800F05EE5 /* ReminderCell.swift in Sources */,
				6B6466442A8C313A00F05EE5 /* RepeatType.swift in Sources */,
				6B64664E2A8ED9A100F05EE5 /* AddReminderTableViewController.swift in Sources */,
				6B6466302A8C2B8700F05EE5 /* SceneDelegate.swift in Sources */,
				6B64664A2A8C3FF500F05EE5 /* ReminderTableViewController.swift in Sources */,
			);
			runOnlyForDeploymentPostprocessing = 0;
		};
/* End PBXSourcesBuildPhase section */

/* Begin PBXVariantGroup section */
		6B6466332A8C2B8700F05EE5 /* Main.storyboard */ = {
			isa = PBXVariantGroup;
			children = (
				6B6466342A8C2B8700F05EE5 /* Base */,
			);
			name = Main.storyboard;
			sourceTree = "<group>";
		};
		6B6466382A8C2B8700F05EE5 /* LaunchScreen.storyboard */ = {
			isa = PBXVariantGroup;
			children = (
				6B6466392A8C2B8700F05EE5 /* Base */,
			);
			name = LaunchScreen.storyboard;
			sourceTree = "<group>";
		};
/* End PBXVariantGroup section */

/* Begin XCBuildConfiguration section */
		6B64663C2A8C2B8700F05EE5 /* Debug */ = {
			isa = XCBuildConfiguration;
			buildSettings = {
				ALWAYS_SEARCH_USER_PATHS = NO;
				CLANG_ANALYZER_NONNULL = YES;
				CLANG_ANALYZER_NUMBER_OBJECT_CONVERSION = YES_AGGRESSIVE;
				CLANG_CXX_LANGUAGE_STANDARD = "gnu++20";
				CLANG_ENABLE_MODULES = YES;
				CLANG_ENABLE_OBJC_ARC = YES;
				CLANG_ENABLE_OBJC_WEAK = YES;
				CLANG_WARN_BLOCK_CAPTURE_AUTORELEASING = YES;
				CLANG_WARN_BOOL_CONVERSION = YES;
				CLANG_WARN_COMMA = YES;
				CLANG_WARN_CONSTANT_CONVERSION = YES;
				CLANG_WARN_DEPRECATED_OBJC_IMPLEMENTATIONS = YES;
				CLANG_WARN_DIRECT_OBJC_ISA_USAGE = YES_ERROR;
				CLANG_WARN_DOCUMENTATION_COMMENTS = YES;
				CLANG_WARN_EMPTY_BODY = YES;
				CLANG_WARN_ENUM_CONVERSION = YES;
				CLANG_WARN_INFINITE_RECURSION = YES;
				CLANG_WARN_INT_CONVERSION = YES;
				CLANG_WARN_NON_LITERAL_NULL_CONVERSION = YES;
				CLANG_WARN_OBJC_IMPLICIT_RETAIN_SELF = YES;
				CLANG_WARN_OBJC_LITERAL_CONVERSION = YES;
				CLANG_WARN_OBJC_ROOT_CLASS = YES_ERROR;
				CLANG_WARN_QUOTED_INCLUDE_IN_FRAMEWORK_HEADER = YES;
				CLANG_WARN_RANGE_LOOP_ANALYSIS = YES;
				CLANG_WARN_STRICT_PROTOTYPES = YES;
				CLANG_WARN_SUSPICIOUS_MOVE = YES;
				CLANG_WARN_UNGUARDED_AVAILABILITY = YES_AGGRESSIVE;
				CLANG_WARN_UNREACHABLE_CODE = YES;
				CLANG_WARN__DUPLICATE_METHOD_MATCH = YES;
				COPY_PHASE_STRIP = NO;
				DEBUG_INFORMATION_FORMAT = dwarf;
				ENABLE_STRICT_OBJC_MSGSEND = YES;
				ENABLE_TESTABILITY = YES;
				GCC_C_LANGUAGE_STANDARD = gnu11;
				GCC_DYNAMIC_NO_PIC = NO;
				GCC_NO_COMMON_BLOCKS = YES;
				GCC_OPTIMIZATION_LEVEL = 0;
				GCC_PREPROCESSOR_DEFINITIONS = (
					"DEBUG=1",
					"$(inherited)",
				);
				GCC_WARN_64_TO_32_BIT_CONVERSION = YES;
				GCC_WARN_ABOUT_RETURN_TYPE = YES_ERROR;
				GCC_WARN_UNDECLARED_SELECTOR = YES;
				GCC_WARN_UNINITIALIZED_AUTOS = YES_AGGRESSIVE;
				GCC_WARN_UNUSED_FUNCTION = YES;
				GCC_WARN_UNUSED_VARIABLE = YES;
				IPHONEOS_DEPLOYMENT_TARGET = 16.4;
				MTL_ENABLE_DEBUG_INFO = INCLUDE_SOURCE;
				MTL_FAST_MATH = YES;
				ONLY_ACTIVE_ARCH = YES;
				SDKROOT = iphoneos;
				SWIFT_ACTIVE_COMPILATION_CONDITIONS = DEBUG;
				SWIFT_OPTIMIZATION_LEVEL = "-Onone";
			};
			name = Debug;
		};
		6B64663D2A8C2B8700F05EE5 /* Release */ = {
			isa = XCBuildConfiguration;
			buildSettings = {
				ALWAYS_SEARCH_USER_PATHS = NO;
				CLANG_ANALYZER_NONNULL = YES;
				CLANG_ANALYZER_NUMBER_OBJECT_CONVERSION = YES_AGGRESSIVE;
				CLANG_CXX_LANGUAGE_STANDARD = "gnu++20";
				CLANG_ENABLE_MODULES = YES;
				CLANG_ENABLE_OBJC_ARC = YES;
				CLANG_ENABLE_OBJC_WEAK = YES;
				CLANG_WARN_BLOCK_CAPTURE_AUTORELEASING = YES;
				CLANG_WARN_BOOL_CONVERSION = YES;
				CLANG_WARN_COMMA = YES;
				CLANG_WARN_CONSTANT_CONVERSION = YES;
				CLANG_WARN_DEPRECATED_OBJC_IMPLEMENTATIONS = YES;
				CLANG_WARN_DIRECT_OBJC_ISA_USAGE = YES_ERROR;
				CLANG_WARN_DOCUMENTATION_COMMENTS = YES;
				CLANG_WARN_EMPTY_BODY = YES;
				CLANG_WARN_ENUM_CONVERSION = YES;
				CLANG_WARN_INFINITE_RECURSION = YES;
				CLANG_WARN_INT_CONVERSION = YES;
				CLANG_WARN_NON_LITERAL_NULL_CONVERSION = YES;
				CLANG_WARN_OBJC_IMPLICIT_RETAIN_SELF = YES;
				CLANG_WARN_OBJC_LITERAL_CONVERSION = YES;
				CLANG_WARN_OBJC_ROOT_CLASS = YES_ERROR;
				CLANG_WARN_QUOTED_INCLUDE_IN_FRAMEWORK_HEADER = YES;
				CLANG_WARN_RANGE_LOOP_ANALYSIS = YES;
				CLANG_WARN_STRICT_PROTOTYPES = YES;
				CLANG_WARN_SUSPICIOUS_MOVE = YES;
				CLANG_WARN_UNGUARDED_AVAILABILITY = YES_AGGRESSIVE;
				CLANG_WARN_UNREACHABLE_CODE = YES;
				CLANG_WARN__DUPLICATE_METHOD_MATCH = YES;
				COPY_PHASE_STRIP = NO;
				DEBUG_INFORMATION_FORMAT = "dwarf-with-dsym";
				ENABLE_NS_ASSERTIONS = NO;
				ENABLE_STRICT_OBJC_MSGSEND = YES;
				GCC_C_LANGUAGE_STANDARD = gnu11;
				GCC_NO_COMMON_BLOCKS = YES;
				GCC_WARN_64_TO_32_BIT_CONVERSION = YES;
				GCC_WARN_ABOUT_RETURN_TYPE = YES_ERROR;
				GCC_WARN_UNDECLARED_SELECTOR = YES;
				GCC_WARN_UNINITIALIZED_AUTOS = YES_AGGRESSIVE;
				GCC_WARN_UNUSED_FUNCTION = YES;
				GCC_WARN_UNUSED_VARIABLE = YES;
				IPHONEOS_DEPLOYMENT_TARGET = 16.4;
				MTL_ENABLE_DEBUG_INFO = NO;
				MTL_FAST_MATH = YES;
				SDKROOT = iphoneos;
				SWIFT_COMPILATION_MODE = wholemodule;
				SWIFT_OPTIMIZATION_LEVEL = "-O";
				VALIDATE_PRODUCT = YES;
			};
			name = Release;
		};
		6B64663F2A8C2B8700F05EE5 /* Debug */ = {
			isa = XCBuildConfiguration;
			buildSettings = {
				ASSETCATALOG_COMPILER_APPICON_NAME = AppIcon;
				ASSETCATALOG_COMPILER_GLOBAL_ACCENT_COLOR_NAME = AccentColor;
				CODE_SIGN_STYLE = Automatic;
				CURRENT_PROJECT_VERSION = 1;
				DEVELOPMENT_TEAM = WTS9L482TJ;
				GENERATE_INFOPLIST_FILE = YES;
				INFOPLIST_FILE = NagMeReminder/Info.plist;
				INFOPLIST_KEY_UIApplicationSupportsIndirectInputEvents = YES;
				INFOPLIST_KEY_UILaunchStoryboardName = LaunchScreen;
				INFOPLIST_KEY_UIMainStoryboardFile = Main;
				INFOPLIST_KEY_UISupportedInterfaceOrientations_iPad = "UIInterfaceOrientationPortrait UIInterfaceOrientationPortraitUpsideDown UIInterfaceOrientationLandscapeLeft UIInterfaceOrientationLandscapeRight";
				INFOPLIST_KEY_UISupportedInterfaceOrientations_iPhone = "UIInterfaceOrientationPortrait UIInterfaceOrientationLandscapeLeft UIInterfaceOrientationLandscapeRight";
				LD_RUNPATH_SEARCH_PATHS = (
					"$(inherited)",
					"@executable_path/Frameworks",
				);
				MARKETING_VERSION = 1.0;
				PRODUCT_BUNDLE_IDENTIFIER = com.krishna.NagMeReminder;
				PRODUCT_NAME = "$(TARGET_NAME)";
				SWIFT_EMIT_LOC_STRINGS = YES;
				SWIFT_VERSION = 5.0;
				TARGETED_DEVICE_FAMILY = "1,2";
			};
			name = Debug;
		};
		6B6466402A8C2B8700F05EE5 /* Release */ = {
			isa = XCBuildConfiguration;
			buildSettings = {
				ASSETCATALOG_COMPILER_APPICON_NAME = AppIcon;
				ASSETCATALOG_COMPILER_GLOBAL_ACCENT_COLOR_NAME = AccentColor;
				CODE_SIGN_STYLE = Automatic;
				CURRENT_PROJECT_VERSION = 1;
				DEVELOPMENT_TEAM = WTS9L482TJ;
				GENERATE_INFOPLIST_FILE = YES;
				INFOPLIST_FILE = NagMeReminder/Info.plist;
				INFOPLIST_KEY_UIApplicationSupportsIndirectInputEvents = YES;
				INFOPLIST_KEY_UILaunchStoryboardName = LaunchScreen;
				INFOPLIST_KEY_UIMainStoryboardFile = Main;
				INFOPLIST_KEY_UISupportedInterfaceOrientations_iPad = "UIInterfaceOrientationPortrait UIInterfaceOrientationPortraitUpsideDown UIInterfaceOrientationLandscapeLeft UIInterfaceOrientationLandscapeRight";
				INFOPLIST_KEY_UISupportedInterfaceOrientations_iPhone = "UIInterfaceOrientationPortrait UIInterfaceOrientationLandscapeLeft UIInterfaceOrientationLandscapeRight";
				LD_RUNPATH_SEARCH_PATHS = (
					"$(inherited)",
					"@executable_path/Frameworks",
				);
				MARKETING_VERSION = 1.0;
				PRODUCT_BUNDLE_IDENTIFIER = com.krishna.NagMeReminder;
				PRODUCT_NAME = "$(TARGET_NAME)";
				SWIFT_EMIT_LOC_STRINGS = YES;
				SWIFT_VERSION = 5.0;
				TARGETED_DEVICE_FAMILY = "1,2";
			};
			name = Release;
		};
/* End XCBuildConfiguration section */

/* Begin XCConfigurationList section */
		6B6466252A8C2B8700F05EE5 /* Build configuration list for PBXProject "NagMeReminder" */ = {
			isa = XCConfigurationList;
			buildConfigurations = (
				6B64663C2A8C2B8700F05EE5 /* Debug */,
				6B64663D2A8C2B8700F05EE5 /* Release */,
			);
			defaultConfigurationIsVisible = 0;
			defaultConfigurationName = Release;
		};
		6B64663E2A8C2B8700F05EE5 /* Build configuration list for PBXNativeTarget "NagMeReminder" */ = {
			isa = XCConfigurationList;
			buildConfigurations = (
				6B64663F2A8C2B8700F05EE5 /* Debug */,
				6B6466402A8C2B8700F05EE5 /* Release */,
			);
			defaultConfigurationIsVisible = 0;
			defaultConfigurationName = Release;
		};
/* End XCConfigurationList section */
	};
	rootObject = 6B6466222A8C2B8700F05EE5 /* Project object */;
}
